
Microsoft Visual Studio Solution File, Format Version 12.00
# Visual Studio 2013
VisualStudioVersion = 12.0.31101.0
MinimumVisualStudioVersion = 10.0.40219.1
Project("{FAE04EC0-301F-11D3-BF4B-00C04F79EFBC}") = "MessageBus", "MessageBus\MessageBus.csproj", "{4759C1A4-B025-4EEA-AC73-76C15A403CBE}"
EndProject
Project("{FAE04EC0-301F-11D3-BF4B-00C04F79EFBC}") = "MessageBus.Tests", "MessageBus.Tests\MessageBus.Tests.csproj", "{389A4558-855D-4E3A-98B1-B7A311CA5263}"
EndProject
Global
	GlobalSection(SolutionConfigurationPlatforms) = preSolution
		Debug|Any CPU = Debug|Any CPU
		Release|Any CPU = Release|Any CPU
	EndGlobalSection
	GlobalSection(ProjectConfigurationPlatforms) = postSolution
		{4759C1A4-B025-4EEA-AC73-76C15A403CBE}.Debug|Any CPU.ActiveCfg = Debug|Any CPU
		{4759C1A4-B025-4EEA-AC73-76C15A403CBE}.Debug|Any CPU.Build.0 = Debug|Any CPU
		{4759C1A4-B025-4EEA-AC73-76C15A403CBE}.Release|Any CPU.ActiveCfg = Release|Any CPU
		{4759C1A4-B025-4EEA-AC73-76C15A403CBE}.Release|Any CPU.Build.0 = Release|Any CPU
		{389A4558-855D-4E3A-98B1-B7A311CA5263}.Debug|Any CPU.ActiveCfg = Debug|Any CPU
		{389A4558-855D-4E3A-98B1-B7A311CA5263}.Debug|Any CPU.Build.0 = Debug|Any CPU
		{389A4558-855D-4E3A-98B1-B7A311CA5263}.Release|Any CPU.ActiveCfg = Release|Any CPU
		{389A4558-855D-4E3A-98B1-B7A311CA5263}.Release|Any CPU.Build.0 = Release|Any CPU
	EndGlobalSection
	GlobalSection(SolutionProperties) = preSolution
		HideSolutionNode = FALSE
	EndGlobalSection
EndGlobal
